// !$*UTF8*$!
{
	archiveVersion = 1;
	classes = {
	};
	objectVersion = 50;
	objects = {

/* Begin PBXBuildFile section */
		B6B64680247A664200204552 /* AppDelegate.swift in Sources */ = {isa = PBXBuildFile; fileRef = B6B6467F247A664200204552 /* AppDelegate.swift */; };
		B6B64682247A664200204552 /* SceneDelegate.swift in Sources */ = {isa = PBXBuildFile; fileRef = B6B64681247A664200204552 /* SceneDelegate.swift */; };
		B6B64684247A664200204552 /* ViewController.swift in Sources */ = {isa = PBXBuildFile; fileRef = B6B64683247A664200204552 /* ViewController.swift */; };
		B6B64687247A664200204552 /* Main.storyboard in Resources */ = {isa = PBXBuildFile; fileRef = B6B64685247A664200204552 /* Main.storyboard */; };
		B6B64689247A664A00204552 /* Assets.xcassets in Resources */ = {isa = PBXBuildFile; fileRef = B6B64688247A664A00204552 /* Assets.xcassets */; };
		B6B6468C247A664A00204552 /* LaunchScreen.storyboard in Resources */ = {isa = PBXBuildFile; fileRef = B6B6468A247A664A00204552 /* LaunchScreen.storyboard */; };
		B6EA85272482B6DB00ADB492 /* Concentration.swift in Sources */ = {isa = PBXBuildFile; fileRef = B6EA85262482B6DA00ADB492 /* Concentration.swift */; };
		B6EA85292482B83500ADB492 /* Card.swift in Sources */ = {isa = PBXBuildFile; fileRef = B6EA85282482B83500ADB492 /* Card.swift */; };
/* End PBXBuildFile section */

/* Begin PBXFileReference section */
		B6B6467C247A664200204552 /* Concentrarion.app */ = {isa = PBXFileReference; explicitFileType = wrapper.application; includeInIndex = 0; path = Concentrarion.app; sourceTree = BUILT_PRODUCTS_DIR; };
		B6B6467F247A664200204552 /* AppDelegate.swift */ = {isa = PBXFileReference; lastKnownFileType = sourcecode.swift; path = AppDelegate.swift; sourceTree = "<group>"; };
		B6B64681247A664200204552 /* SceneDelegate.swift */ = {isa = PBXFileReference; lastKnownFileType = sourcecode.swift; path = SceneDelegate.swift; sourceTree = "<group>"; };
		B6B64683247A664200204552 /* ViewController.swift */ = {isa = PBXFileReference; lastKnownFileType = sourcecode.swift; path = ViewController.swift; sourceTree = "<group>"; };
		B6B64686247A664200204552 /* Base */ = {isa = PBXFileReference; lastKnownFileType = file.storyboard; name = Base; path = Base.lproj/Main.storyboard; sourceTree = "<group>"; };
		B6B64688247A664A00204552 /* Assets.xcassets */ = {isa = PBXFileReference; lastKnownFileType = folder.assetcatalog; path = Assets.xcassets; sourceTree = "<group>"; };
		B6B6468B247A664A00204552 /* Base */ = {isa = PBXFileReference; lastKnownFileType = file.storyboard; name = Base; path = Base.lproj/LaunchScreen.storyboard; sourceTree = "<group>"; };
		B6B6468D247A664A00204552 /* Info.plist */ = {isa = PBXFileReference; lastKnownFileType = text.plist.xml; path = Info.plist; sourceTree = "<group>"; };
		B6EA85262482B6DA00ADB492 /* Concentration.swift */ = {isa = PBXFileReference; lastKnownFileType = sourcecode.swift; path = Concentration.swift; sourceTree = "<group>"; };
		B6EA85282482B83500ADB492 /* Card.swift */ = {isa = PBXFileReference; lastKnownFileType = sourcecode.swift; path = Card.swift; sourceTree = "<group>"; };
/* End PBXFileReference section */

/* Begin PBXFrameworksBuildPhase section */
		B6B64679247A664200204552 /* Frameworks */ = {
			isa = PBXFrameworksBuildPhase;
			buildActionMask = 2147483647;
			files = (
			);
			runOnlyForDeploymentPostprocessing = 0;
		};
/* End PBXFrameworksBuildPhase section */

/* Begin PBXGroup section */
		B6B64673247A664100204552 = {
			isa = PBXGroup;
			children = (
				B6B6467E247A664200204552 /* Concentrarion */,
				B6B6467D247A664200204552 /* Products */,
			);
			sourceTree = "<group>";
		};
		B6B6467D247A664200204552 /* Products */ = {
			isa = PBXGroup;
			children = (
				B6B6467C247A664200204552 /* Concentrarion.app */,
			);
			name = Products;
			sourceTree = "<group>";
		};
		B6B6467E247A664200204552 /* Concentrarion */ = {
			isa = PBXGroup;
			children = (
				B6B64693247A67CF00204552 /* Supporting files */,
				B6B64683247A664200204552 /* ViewController.swift */,
				B6B64685247A664200204552 /* Main.storyboard */,
				B6EA85262482B6DA00ADB492 /* Concentration.swift */,
				B6EA85282482B83500ADB492 /* Card.swift */,
				B6B6468D247A664A00204552 /* Info.plist */,
			);
			path = Concentrarion;
			sourceTree = "<group>";
		};
		B6B64693247A67CF00204552 /* Supporting files */ = {
			isa = PBXGroup;
			children = (
				B6B6467F247A664200204552 /* AppDelegate.swift */,
				B6B64681247A664200204552 /* SceneDelegate.swift */,
				B6B64688247A664A00204552 /* Assets.xcassets */,
				B6B6468A247A664A00204552 /* LaunchScreen.storyboard */,
			);
			path = "Supporting files";
			sourceTree = "<group>";
		};
/* End PBXGroup section */

/* Begin PBXNativeTarget section */
		B6B6467B247A664200204552 /* Concentrarion */ = {
			isa = PBXNativeTarget;
			buildConfigurationList = B6B64690247A664A00204552 /* Build configuration list for PBXNativeTarget "Concentrarion" */;
			buildPhases = (
				B6B64678247A664200204552 /* Sources */,
				B6B64679247A664200204552 /* Frameworks */,
				B6B6467A247A664200204552 /* Resources */,
			);
			buildRules = (
			);
			dependencies = (
			);
			name = Concentrarion;
			productName = Concentrarion;
			productReference = B6B6467C247A664200204552 /* Concentrarion.app */;
			productType = "com.apple.product-type.application";
		};
/* End PBXNativeTarget section */

/* Begin PBXProject section */
		B6B64674247A664200204552 /* Project object */ = {
			isa = PBXProject;
			attributes = {
				LastSwiftUpdateCheck = 1130;
				LastUpgradeCheck = 1130;
				ORGANIZATIONNAME = "Max Nikulin";
				TargetAttributes = {
					B6B6467B247A664200204552 = {
						CreatedOnToolsVersion = 11.3.1;
					};
				};
			};
			buildConfigurationList = B6B64677247A664200204552 /* Build configuration list for PBXProject "Concentrarion" */;
			compatibilityVersion = "Xcode 9.3";
			developmentRegion = en;
			hasScannedForEncodings = 0;
			knownRegions = (
				en,
				Base,
			);
			mainGroup = B6B64673247A664100204552;
			productRefGroup = B6B6467D247A664200204552 /* Products */;
			projectDirPath = "";
			projectRoot = "";
			targets = (
				B6B6467B247A664200204552 /* Concentrarion */,
			);
		};
/* End PBXProject section */

/* Begin PBXResourcesBuildPhase section */
		B6B6467A247A664200204552 /* Resources */ = {
			isa = PBXResourcesBuildPhase;
			buildActionMask = 2147483647;
			files = (
				B6B6468C247A664A00204552 /* LaunchScreen.storyboard in Resources */,
				B6B64689247A664A00204552 /* Assets.xcassets in Resources */,
				B6B64687247A664200204552 /* Main.storyboard in Resources */,
			);
			runOnlyForDeploymentPostprocessing = 0;
		};
/* End PBXResourcesBuildPhase section */

/* Begin PBXSourcesBuildPhase section */
		B6B64678247A664200204552 /* Sources */ = {
			isa = PBXSourcesBuildPhase;
			buildActionMask = 2147483647;
			files = (
				B6B64684247A664200204552 /* ViewController.swift in Sources */,
				B6EA85272482B6DB00ADB492 /* Concentration.swift in Sources */,
				B6EA85292482B83500ADB492 /* Card.swift in Sources */,
				B6B64680247A664200204552 /* AppDelegate.swift in Sources */,
				B6B64682247A664200204552 /* SceneDelegate.swift in Sources */,
			);
			runOnlyForDeploymentPostprocessing = 0;
		};
/* End PBXSourcesBuildPhase section */

/* Begin PBXVariantGroup section */
		B6B64685247A664200204552 /* Main.storyboard */ = {
			isa = PBXVariantGroup;
			children = (
				B6B64686247A664200204552 /* Base */,
			);
			name = Main.storyboard;
			sourceTree = "<group>";
		};
		B6B6468A247A664A00204552 /* LaunchScreen.storyboard */ = {
			isa = PBXVariantGroup;
			children = (
				B6B6468B247A664A00204552 /* Base */,
			);
			name = LaunchScreen.storyboard;
			sourceTree = "<group>";
		};
/* End PBXVariantGroup section */

/* Begin XCBuildConfiguration section */
		B6B6468E247A664A00204552 /* Debug */ = {
			isa = XCBuildConfiguration;
			buildSettings = {
				ALWAYS_SEARCH_USER_PATHS = NO;
				CLANG_ANALYZER_NONNULL = YES;
				CLANG_ANALYZER_NUMBER_OBJECT_CONVERSION = YES_AGGRESSIVE;
				CLANG_CXX_LANGUAGE_STANDARD = "gnu++14";
				CLANG_CXX_LIBRARY = "libc++";
				CLANG_ENABLE_MODULES = YES;
				CLANG_ENABLE_OBJC_ARC = YES;
				CLANG_ENABLE_OBJC_WEAK = YES;
				CLANG_WARN_BLOCK_CAPTURE_AUTORELEASING = YES;
				CLANG_WARN_BOOL_CONVERSION = YES;
				CLANG_WARN_COMMA = YES;
				CLANG_WARN_CONSTANT_CONVERSION = YES;
				CLANG_WARN_DEPRECATED_OBJC_IMPLEMENTATIONS = YES;
				CLANG_WARN_DIRECT_OBJC_ISA_USAGE = YES_ERROR;
				CLANG_WARN_DOCUMENTATION_COMMENTS = YES;
				CLANG_WARN_EMPTY_BODY = YES;
				CLANG_WARN_ENUM_CONVERSION = YES;
				CLANG_WARN_INFINITE_RECURSION = YES;
				CLANG_WARN_INT_CONVERSION = YES;
				CLANG_WARN_NON_LITERAL_NULL_CONVERSION = YES;
				CLANG_WARN_OBJC_IMPLICIT_RETAIN_SELF = YES;
				CLANG_WARN_OBJC_LITERAL_CONVERSION = YES;
				CLANG_WARN_OBJC_ROOT_CLASS = YES_ERROR;
				CLANG_WARN_RANGE_LOOP_ANALYSIS = YES;
				CLANG_WARN_STRICT_PROTOTYPES = YES;
				CLANG_WARN_SUSPICIOUS_MOVE = YES;
				CLANG_WARN_UNGUARDED_AVAILABILITY = YES_AGGRESSIVE;
				CLANG_WARN_UNREACHABLE_CODE = YES;
				CLANG_WARN__DUPLICATE_METHOD_MATCH = YES;
				COPY_PHASE_STRIP = NO;
				DEBUG_INFORMATION_FORMAT = dwarf;
				ENABLE_STRICT_OBJC_MSGSEND = YES;
				ENABLE_TESTABILITY = YES;
				GCC_C_LANGUAGE_STANDARD = gnu11;
				GCC_DYNAMIC_NO_PIC = NO;
				GCC_NO_COMMON_BLOCKS = YES;
				GCC_OPTIMIZATION_LEVEL = 0;
				GCC_PREPROCESSOR_DEFINITIONS = (
					"DEBUG=1",
					"$(inherited)",
				);
				GCC_WARN_64_TO_32_BIT_CONVERSION = YES;
				GCC_WARN_ABOUT_RETURN_TYPE = YES_ERROR;
				GCC_WARN_UNDECLARED_SELECTOR = YES;
				GCC_WARN_UNINITIALIZED_AUTOS = YES_AGGRESSIVE;
				GCC_WARN_UNUSED_FUNCTION = YES;
				GCC_WARN_UNUSED_VARIABLE = YES;
				IPHONEOS_DEPLOYMENT_TARGET = 13.2;
				MTL_ENABLE_DEBUG_INFO = INCLUDE_SOURCE;
				MTL_FAST_MATH = YES;
				ONLY_ACTIVE_ARCH = YES;
				SDKROOT = iphoneos;
				SWIFT_ACTIVE_COMPILATION_CONDITIONS = DEBUG;
				SWIFT_OPTIMIZATION_LEVEL = "-Onone";
			};
			name = Debug;
		};
		B6B6468F247A664A00204552 /* Release */ = {
			isa = XCBuildConfiguration;
			buildSettings = {
				ALWAYS_SEARCH_USER_PATHS = NO;
				CLANG_ANALYZER_NONNULL = YES;
				CLANG_ANALYZER_NUMBER_OBJECT_CONVERSION = YES_AGGRESSIVE;
				CLANG_CXX_LANGUAGE_STANDARD = "gnu++14";
				CLANG_CXX_LIBRARY = "libc++";
				CLANG_ENABLE_MODULES = YES;
				CLANG_ENABLE_OBJC_ARC = YES;
				CLANG_ENABLE_OBJC_WEAK = YES;
				CLANG_WARN_BLOCK_CAPTURE_AUTORELEASING = YES;
				CLANG_WARN_BOOL_CONVERSION = YES;
				CLANG_WARN_COMMA = YES;
				CLANG_WARN_CONSTANT_CONVERSION = YES;
				CLANG_WARN_DEPRECATED_OBJC_IMPLEMENTATIONS = YES;
				CLANG_WARN_DIRECT_OBJC_ISA_USAGE = YES_ERROR;
				CLANG_WARN_DOCUMENTATION_COMMENTS = YES;
				CLANG_WARN_EMPTY_BODY = YES;
				CLANG_WARN_ENUM_CONVERSION = YES;
				CLANG_WARN_INFINITE_RECURSION = YES;
				CLANG_WARN_INT_CONVERSION = YES;
				CLANG_WARN_NON_LITERAL_NULL_CONVERSION = YES;
				CLANG_WARN_OBJC_IMPLICIT_RETAIN_SELF = YES;
				CLANG_WARN_OBJC_LITERAL_CONVERSION = YES;
				CLANG_WARN_OBJC_ROOT_CLASS = YES_ERROR;
				CLANG_WARN_RANGE_LOOP_ANALYSIS = YES;
				CLANG_WARN_STRICT_PROTOTYPES = YES;
				CLANG_WARN_SUSPICIOUS_MOVE = YES;
				CLANG_WARN_UNGUARDED_AVAILABILITY = YES_AGGRESSIVE;
				CLANG_WARN_UNREACHABLE_CODE = YES;
				CLANG_WARN__DUPLICATE_METHOD_MATCH = YES;
				COPY_PHASE_STRIP = NO;
				DEBUG_INFORMATION_FORMAT = "dwarf-with-dsym";
				ENABLE_NS_ASSERTIONS = NO;
				ENABLE_STRICT_OBJC_MSGSEND = YES;
				GCC_C_LANGUAGE_STANDARD = gnu11;
				GCC_NO_COMMON_BLOCKS = YES;
				GCC_WARN_64_TO_32_BIT_CONVERSION = YES;
				GCC_WARN_ABOUT_RETURN_TYPE = YES_ERROR;
				GCC_WARN_UNDECLARED_SELECTOR = YES;
				GCC_WARN_UNINITIALIZED_AUTOS = YES_AGGRESSIVE;
				GCC_WARN_UNUSED_FUNCTION = YES;
				GCC_WARN_UNUSED_VARIABLE = YES;
				IPHONEOS_DEPLOYMENT_TARGET = 13.2;
				MTL_ENABLE_DEBUG_INFO = NO;
				MTL_FAST_MATH = YES;
				SDKROOT = iphoneos;
				SWIFT_COMPILATION_MODE = wholemodule;
				SWIFT_OPTIMIZATION_LEVEL = "-O";
				VALIDATE_PRODUCT = YES;
			};
			name = Release;
		};
		B6B64691247A664A00204552 /* Debug */ = {
			isa = XCBuildConfiguration;
			buildSettings = {
				ASSETCATALOG_COMPILER_APPICON_NAME = AppIcon;
				CODE_SIGN_STYLE = Automatic;
				DEVELOPMENT_TEAM = 234S8XFWZJ;
				INFOPLIST_FILE = Concentrarion/Info.plist;
				LD_RUNPATH_SEARCH_PATHS = (
					"$(inherited)",
					"@executable_path/Frameworks",
				);
				PRODUCT_BUNDLE_IDENTIFIER = com.maximusnikulin.Concentrarion;
				PRODUCT_NAME = "$(TARGET_NAME)";
				SWIFT_VERSION = 5.0;
				TARGETED_DEVICE_FAMILY = "1,2";
			};
			name = Debug;
		};
		B6B64692247A664A00204552 /* Release */ = {
			isa = XCBuildConfiguration;
			buildSettings = {
				ASSETCATALOG_COMPILER_APPICON_NAME = AppIcon;
				CODE_SIGN_STYLE = Automatic;
				DEVELOPMENT_TEAM = 234S8XFWZJ;
				INFOPLIST_FILE = Concentrarion/Info.plist;
				LD_RUNPATH_SEARCH_PATHS = (
					"$(inherited)",
					"@executable_path/Frameworks",
				);
				PRODUCT_BUNDLE_IDENTIFIER = com.maximusnikulin.Concentrarion;
				PRODUCT_NAME = "$(TARGET_NAME)";
				SWIFT_VERSION = 5.0;
				TARGETED_DEVICE_FAMILY = "1,2";
			};
			name = Release;
		};
/* End XCBuildConfiguration section */

/* Begin XCConfigurationList section */
		B6B64677247A664200204552 /* Build configuration list for PBXProject "Concentrarion" */ = {
			isa = XCConfigurationList;
			buildConfigurations = (
				B6B6468E247A664A00204552 /* Debug */,
				B6B6468F247A664A00204552 /* Release */,
			);
			defaultConfigurationIsVisible = 0;
			defaultConfigurationName = Release;
		};
		B6B64690247A664A00204552 /* Build configuration list for PBXNativeTarget "Concentrarion" */ = {
			isa = XCConfigurationList;
			buildConfigurations = (
				B6B64691247A664A00204552 /* Debug */,
				B6B64692247A664A00204552 /* Release */,
			);
			defaultConfigurationIsVisible = 0;
			defaultConfigurationName = Release;
		};
/* End XCConfigurationList section */
	};
	rootObject = B6B64674247A664200204552 /* Project object */;
}
